
Microsoft Visual Studio Solution File, Format Version 12.00
# Visual Studio 2013
VisualStudioVersion = 12.0.30723.0
MinimumVisualStudioVersion = 10.0.40219.1
Project("{FAE04EC0-301F-11D3-BF4B-00C04F79EFBC}") = "Chirper-TwitterClone", "Chirper-TwitterClone\Chirper-TwitterClone.csproj", "{11DAA22F-A2D8-472B-A006-7E1AA80335BC}"
EndProject
Global
	GlobalSection(SolutionConfigurationPlatforms) = preSolution
		Debug|Any CPU = Debug|Any CPU
		Release|Any CPU = Release|Any CPU
	EndGlobalSection
	GlobalSection(ProjectConfigurationPlatforms) = postSolution
		{11DAA22F-A2D8-472B-A006-7E1AA80335BC}.Debug|Any CPU.ActiveCfg = Debug|Any CPU
		{11DAA22F-A2D8-472B-A006-7E1AA80335BC}.Debug|Any CPU.Build.0 = Debug|Any CPU
		{11DAA22F-A2D8-472B-A006-7E1AA80335BC}.Release|Any CPU.ActiveCfg = Release|Any CPU
		{11DAA22F-A2D8-472B-A006-7E1AA80335BC}.Release|Any CPU.Build.0 = Release|Any CPU
	EndGlobalSection
	GlobalSection(SolutionProperties) = preSolution
		HideSolutionNode = FALSE
	EndGlobalSection
EndGlobal
